
Microsoft Visual Studio Solution File, Format Version 12.00
# Visual Studio 15
VisualStudioVersion = 15.0.27428.2005
MinimumVisualStudioVersion = 10.0.40219.1
Project("{8BC9CEB8-8B4A-11D0-8D11-00A0C91BC942}") = "GraphletCore", "GraphletCore\GraphletCore.vcxproj", "{4E2E11F2-4316-4739-AD89-32EEAF38EED8}"
EndProject
Project("{8BC9CEB8-8B4A-11D0-8D11-00A0C91BC942}") = "GDUnitTests", "GDUnitTests\GDUnitTests.vcxproj", "{EFA2E991-BE1E-4B1A-A03A-5BC9BA1FA980}"
EndProject
Project("{8BC9CEB8-8B4A-11D0-8D11-00A0C91BC942}") = "GraphletExec", "GraphletExec\GraphletExec.vcxproj", "{7A67CFE4-DC76-4BB5-A3AD-B9ADC4A0DA7A}"
EndProject
Global
	GlobalSection(SolutionConfigurationPlatforms) = preSolution
		Debug|x64 = Debug|x64
		Debug|x86 = Debug|x86
		Release|x64 = Release|x64
		Release|x86 = Release|x86
	EndGlobalSection
	GlobalSection(ProjectConfigurationPlatforms) = postSolution
		{4E2E11F2-4316-4739-AD89-32EEAF38EED8}.Debug|x64.ActiveCfg = Debug|x64
		{4E2E11F2-4316-4739-AD89-32EEAF38EED8}.Debug|x64.Build.0 = Debug|x64
		{4E2E11F2-4316-4739-AD89-32EEAF38EED8}.Debug|x86.ActiveCfg = Debug|Win32
		{4E2E11F2-4316-4739-AD89-32EEAF38EED8}.Debug|x86.Build.0 = Debug|Win32
		{4E2E11F2-4316-4739-AD89-32EEAF38EED8}.Release|x64.ActiveCfg = Release|x64
		{4E2E11F2-4316-4739-AD89-32EEAF38EED8}.Release|x64.Build.0 = Release|x64
		{4E2E11F2-4316-4739-AD89-32EEAF38EED8}.Release|x86.ActiveCfg = Release|Win32
		{4E2E11F2-4316-4739-AD89-32EEAF38EED8}.Release|x86.Build.0 = Release|Win32
		{EFA2E991-BE1E-4B1A-A03A-5BC9BA1FA980}.Debug|x64.ActiveCfg = Debug|x64
		{EFA2E991-BE1E-4B1A-A03A-5BC9BA1FA980}.Debug|x64.Build.0 = Debug|x64
		{EFA2E991-BE1E-4B1A-A03A-5BC9BA1FA980}.Debug|x86.ActiveCfg = Debug|Win32
		{EFA2E991-BE1E-4B1A-A03A-5BC9BA1FA980}.Debug|x86.Build.0 = Debug|Win32
		{EFA2E991-BE1E-4B1A-A03A-5BC9BA1FA980}.Release|x64.ActiveCfg = Release|x64
		{EFA2E991-BE1E-4B1A-A03A-5BC9BA1FA980}.Release|x64.Build.0 = Release|x64
		{EFA2E991-BE1E-4B1A-A03A-5BC9BA1FA980}.Release|x86.ActiveCfg = Release|Win32
		{EFA2E991-BE1E-4B1A-A03A-5BC9BA1FA980}.Release|x86.Build.0 = Release|Win32
		{7A67CFE4-DC76-4BB5-A3AD-B9ADC4A0DA7A}.Debug|x64.ActiveCfg = Debug|x64
		{7A67CFE4-DC76-4BB5-A3AD-B9ADC4A0DA7A}.Debug|x64.Build.0 = Debug|x64
		{7A67CFE4-DC76-4BB5-A3AD-B9ADC4A0DA7A}.Debug|x86.ActiveCfg = Debug|Win32
		{7A67CFE4-DC76-4BB5-A3AD-B9ADC4A0DA7A}.Debug|x86.Build.0 = Debug|Win32
		{7A67CFE4-DC76-4BB5-A3AD-B9ADC4A0DA7A}.Release|x64.ActiveCfg = Release|x64
		{7A67CFE4-DC76-4BB5-A3AD-B9ADC4A0DA7A}.Release|x64.Build.0 = Release|x64
		{7A67CFE4-DC76-4BB5-A3AD-B9ADC4A0DA7A}.Release|x86.ActiveCfg = Release|Win32
		{7A67CFE4-DC76-4BB5-A3AD-B9ADC4A0DA7A}.Release|x86.Build.0 = Release|Win32
	EndGlobalSection
	GlobalSection(SolutionProperties) = preSolution
		HideSolutionNode = FALSE
	EndGlobalSection
	GlobalSection(ExtensibilityGlobals) = postSolution
		SolutionGuid = {142DEEF9-3DCC-46E7-9801-A0099A75F31F}
	EndGlobalSection
EndGlobal
